
Microsoft Visual Studio Solution File, Format Version 12.00
# Visual Studio 15
VisualStudioVersion = 15.0.27703.2047
MinimumVisualStudioVersion = 10.0.40219.1
Project("{FAE04EC0-301F-11D3-BF4B-00C04F79EFBC}") = "HtmlToPdf", "HtmlToPdf\HtmlToPdf.csproj", "{BD02A17A-8E5D-4A44-B2FE-DD9B8B668216}"
EndProject
Global
	GlobalSection(SolutionConfigurationPlatforms) = preSolution
		Debug|Any CPU = Debug|Any CPU
		Release|Any CPU = Release|Any CPU
	EndGlobalSection
	GlobalSection(ProjectConfigurationPlatforms) = postSolution
		{BD02A17A-8E5D-4A44-B2FE-DD9B8B668216}.Debug|Any CPU.ActiveCfg = Debug|Any CPU
		{BD02A17A-8E5D-4A44-B2FE-DD9B8B668216}.Debug|Any CPU.Build.0 = Debug|Any CPU
		{BD02A17A-8E5D-4A44-B2FE-DD9B8B668216}.Release|Any CPU.ActiveCfg = Release|Any CPU
		{BD02A17A-8E5D-4A44-B2FE-DD9B8B668216}.Release|Any CPU.Build.0 = Release|Any CPU
	EndGlobalSection
	GlobalSection(SolutionProperties) = preSolution
		HideSolutionNode = FALSE
	EndGlobalSection
	GlobalSection(ExtensibilityGlobals) = postSolution
		SolutionGuid = {7AD68BB7-6D75-428B-9AF2-A8D62E25C646}
	EndGlobalSection
EndGlobal
